{
  "originHash" : "19588e8ea410e3e83b496aaa8ca23f83b2511af43d3f8921f02121d17fa1b16d",
  "pins" : [
    {
      "identity" : "emptyuikit",
      "kind" : "remoteSourceControl",
      "location" : "https://github.com/sereivoanyong/EmptyUIKit",
      "state" : {
        "branch" : "main",
        "revision" : "e64a346d557febe38c97135c630cb1423d5da464"
      }
    },
    {
      "identity" : "mjrefresh",
      "kind" : "remoteSourceControl",
      "location" : "https://github.com/CoderMJLee/MJRefresh",
      "state" : {
        "revision" : "535d39c86e592d73f8b8e75f9bf1eda62ca4a4ce",
        "version" : "3.7.9"
      }
    },
    {
      "identity" : "realm-core",
      "kind" : "remoteSourceControl",
      "location" : "https://github.com/realm/realm-core.git",
      "state" : {
        "revision" : "9cf7ef4ad8e2f4c7a519c9a395ca3d253bb87aa8",
        "version" : "14.6.2"
      }
    },
    {
      "identity" : "realm-swift",
      "kind" : "remoteSourceControl",
      "location" : "https://github.com/realm/realm-swift",
      "state" : {
        "revision" : "6e0772315809ff0a11cd265126350039a6aac59d",
        "version" : "10.50.1"
      }
    },
    {
      "identity" : "swiftkit",
      "kind" : "remoteSourceControl",
      "location" : "https://github.com/sereivoanyong/SwiftKit",
      "state" : {
        "branch" : "main",
        "revision" : "931c21ae95dc9a901d7367bf76d7375c29b1e317"
      }
    }
  ],
  "version" : 3
}
