{
  "originHash" : "7222ba9173898d27fcc0f15df82bfe3f8479de71ec2c088104fbb2005c856ccd",
  "pins" : [
    {
      "identity" : "emptyuikit",
      "kind" : "remoteSourceControl",
      "location" : "https://github.com/sereivoanyong/EmptyUIKit",
      "state" : {
        "branch" : "main",
        "revision" : "44e2d1dc0694918654872fec248c57d3c917dbc0"
      }
    },
    {
      "identity" : "mjrefresh",
      "kind" : "remoteSourceControl",
      "location" : "https://github.com/CoderMJLee/MJRefresh",
      "state" : {
        "revision" : "535d39c86e592d73f8b8e75f9bf1eda62ca4a4ce",
        "version" : "3.7.9"
      }
    },
    {
      "identity" : "realm-core",
      "kind" : "remoteSourceControl",
      "location" : "https://github.com/realm/realm-core.git",
      "state" : {
        "revision" : "15493076ad9fef22c16cc64cbfbf9e5b65c385f9",
        "version" : "20.1.0"
      }
    },
    {
      "identity" : "realm-swift",
      "kind" : "remoteSourceControl",
      "location" : "https://github.com/realm/realm-swift",
      "state" : {
        "revision" : "bae6c4be7df169fdb047d0ad63f902c1e2665e83",
        "version" : "20.0.1"
      }
    },
    {
      "identity" : "swiftkit",
      "kind" : "remoteSourceControl",
      "location" : "https://github.com/sereivoanyong/SwiftKit",
      "state" : {
        "branch" : "main",
        "revision" : "a02f059b8d04366e2a5050823efbc9b968471adc"
      }
    }
  ],
  "version" : 3
}
