{
  "originHash" : "1ab74c2df90cada1a0ddf2d442531703660b2b06855346d021a7b51d42036fe1",
  "pins" : [
    {
      "identity" : "emptyuikit",
      "kind" : "remoteSourceControl",
      "location" : "https://github.com/sereivoanyong/EmptyUIKit",
      "state" : {
        "branch" : "main",
        "revision" : "44e2d1dc0694918654872fec248c57d3c917dbc0"
      }
    },
    {
      "identity" : "mjrefresh",
      "kind" : "remoteSourceControl",
      "location" : "https://github.com/CoderMJLee/MJRefresh",
      "state" : {
        "revision" : "535d39c86e592d73f8b8e75f9bf1eda62ca4a4ce",
        "version" : "3.7.9"
      }
    },
    {
      "identity" : "realm-core",
      "kind" : "remoteSourceControl",
      "location" : "https://github.com/realm/realm-core.git",
      "state" : {
        "revision" : "f98720a07e6150c41c953e1937108225550ba155",
        "version" : "20.0.0"
      }
    },
    {
      "identity" : "realm-swift",
      "kind" : "remoteSourceControl",
      "location" : "https://github.com/sereivoanyong/realm-swift",
      "state" : {
        "branch" : "sy/community",
        "revision" : "e76dac0719c7ff41382807b03fa44aae8b57bf69"
      }
    },
    {
      "identity" : "swiftkit",
      "kind" : "remoteSourceControl",
      "location" : "https://github.com/sereivoanyong/SwiftKit",
      "state" : {
        "branch" : "main",
        "revision" : "21ce689ecc27a10a738dca0c88e3fef09612bece"
      }
    }
  ],
  "version" : 3
}
